
Microsoft Visual Studio Solution File, Format Version 12.00
# Visual Studio Version 17
VisualStudioVersion = 17.2.32602.215
MinimumVisualStudioVersion = 10.0.40219.1
Project("{FAE04EC0-301F-11D3-BF4B-00C04F79EFBC}") = "Application CAMARA", "Application CAMARA\Application CAMARA.csproj", "{F9940D16-1AA4-49AE-A8AA-CEE6118DBDE6}"
EndProject
Global
	GlobalSection(SolutionConfigurationPlatforms) = preSolution
		Debug|Any CPU = Debug|Any CPU
		Release|Any CPU = Release|Any CPU
	EndGlobalSection
	GlobalSection(ProjectConfigurationPlatforms) = postSolution
		{F9940D16-1AA4-49AE-A8AA-CEE6118DBDE6}.Debug|Any CPU.ActiveCfg = Debug|Any CPU
		{F9940D16-1AA4-49AE-A8AA-CEE6118DBDE6}.Debug|Any CPU.Build.0 = Debug|Any CPU
		{F9940D16-1AA4-49AE-A8AA-CEE6118DBDE6}.Release|Any CPU.ActiveCfg = Release|Any CPU
		{F9940D16-1AA4-49AE-A8AA-CEE6118DBDE6}.Release|Any CPU.Build.0 = Release|Any CPU
	EndGlobalSection
	GlobalSection(SolutionProperties) = preSolution
		HideSolutionNode = FALSE
	EndGlobalSection
	GlobalSection(ExtensibilityGlobals) = postSolution
		SolutionGuid = {021535DC-7F4A-4C2E-853A-CA74CEF195AD}
	EndGlobalSection
EndGlobal
